
Microsoft Visual Studio Solution File, Format Version 12.00
# Visual Studio Version 16
VisualStudioVersion = 16.0.31025.194
MinimumVisualStudioVersion = 10.0.40219.1
Project("{FAE04EC0-301F-11D3-BF4B-00C04F79EFBC}") = "Parcial2-ap1-2018-0971", "Parcial2-ap1-2018-0971.csproj", "{BB3091CD-2073-473F-A401-59386ECAB32B}"
EndProject
Global
	GlobalSection(SolutionConfigurationPlatforms) = preSolution
		Debug|Any CPU = Debug|Any CPU
		Release|Any CPU = Release|Any CPU
	EndGlobalSection
	GlobalSection(ProjectConfigurationPlatforms) = postSolution
		{BB3091CD-2073-473F-A401-59386ECAB32B}.Debug|Any CPU.ActiveCfg = Debug|Any CPU
		{BB3091CD-2073-473F-A401-59386ECAB32B}.Debug|Any CPU.Build.0 = Debug|Any CPU
		{BB3091CD-2073-473F-A401-59386ECAB32B}.Release|Any CPU.ActiveCfg = Release|Any CPU
		{BB3091CD-2073-473F-A401-59386ECAB32B}.Release|Any CPU.Build.0 = Release|Any CPU
	EndGlobalSection
	GlobalSection(SolutionProperties) = preSolution
		HideSolutionNode = FALSE
	EndGlobalSection
	GlobalSection(ExtensibilityGlobals) = postSolution
		SolutionGuid = {3C7BF5E0-0316-45AD-9A4F-D7020EEF4566}
	EndGlobalSection
EndGlobal
